
Microsoft Visual Studio Solution File, Format Version 12.00
# Visual Studio Version 17
VisualStudioVersion = 17.2.32526.322
MinimumVisualStudioVersion = 10.0.40219.1
Project("{FAE04EC0-301F-11D3-BF4B-00C04F79EFBC}") = "Fibonachi_OOP", "Fibonachi_OOP\Fibonachi_OOP.csproj", "{BE43F109-9391-46DB-8094-F74B6FF229B5}"
EndProject
Global
	GlobalSection(SolutionConfigurationPlatforms) = preSolution
		Debug|Any CPU = Debug|Any CPU
		Release|Any CPU = Release|Any CPU
	EndGlobalSection
	GlobalSection(ProjectConfigurationPlatforms) = postSolution
		{BE43F109-9391-46DB-8094-F74B6FF229B5}.Debug|Any CPU.ActiveCfg = Debug|Any CPU
		{BE43F109-9391-46DB-8094-F74B6FF229B5}.Debug|Any CPU.Build.0 = Debug|Any CPU
		{BE43F109-9391-46DB-8094-F74B6FF229B5}.Release|Any CPU.ActiveCfg = Release|Any CPU
		{BE43F109-9391-46DB-8094-F74B6FF229B5}.Release|Any CPU.Build.0 = Release|Any CPU
	EndGlobalSection
	GlobalSection(SolutionProperties) = preSolution
		HideSolutionNode = FALSE
	EndGlobalSection
	GlobalSection(ExtensibilityGlobals) = postSolution
		SolutionGuid = {5A3436F0-84D7-493E-AC36-3C825353BC88}
	EndGlobalSection
EndGlobal
